// !$*UTF8*$!
{
	archiveVersion = 1;
	classes = {
	};
	objectVersion = 56;
	objects = {

/* Begin PBXBuildFile section */
		524FA6F42A5FD5AE000B1075 /* PokemonManager.swift in Sources */ = {isa = PBXBuildFile; fileRef = 524FA6F32A5FD5AE000B1075 /* PokemonManager.swift */; };
		52E7E6F42A5E8CAF0030DA81 /* AppDelegate.swift in Sources */ = {isa = PBXBuildFile; fileRef = 52E7E6F32A5E8CAF0030DA81 /* AppDelegate.swift */; };
		52E7E6F62A5E8CAF0030DA81 /* SceneDelegate.swift in Sources */ = {isa = PBXBuildFile; fileRef = 52E7E6F52A5E8CAF0030DA81 /* SceneDelegate.swift */; };
		52E7E6F82A5E8CAF0030DA81 /* ViewController.swift in Sources */ = {isa = PBXBuildFile; fileRef = 52E7E6F72A5E8CAF0030DA81 /* ViewController.swift */; };
		52E7E6FB2A5E8CAF0030DA81 /* Main.storyboard in Resources */ = {isa = PBXBuildFile; fileRef = 52E7E6F92A5E8CAF0030DA81 /* Main.storyboard */; };
		52E7E6FD2A5E8CB20030DA81 /* Assets.xcassets in Resources */ = {isa = PBXBuildFile; fileRef = 52E7E6FC2A5E8CB20030DA81 /* Assets.xcassets */; };
		52E7E7002A5E8CB20030DA81 /* LaunchScreen.storyboard in Resources */ = {isa = PBXBuildFile; fileRef = 52E7E6FE2A5E8CB20030DA81 /* LaunchScreen.storyboard */; };
		52E7E7082A5E8D3E0030DA81 /* MyCollectionViewCell.swift in Sources */ = {isa = PBXBuildFile; fileRef = 52E7E7072A5E8D3E0030DA81 /* MyCollectionViewCell.swift */; };
		52E7E70A2A5E8E2C0030DA81 /* Model.swift in Sources */ = {isa = PBXBuildFile; fileRef = 52E7E7092A5E8E2C0030DA81 /* Model.swift */; };
		52E7E70C2A5E97980030DA81 /* DetailViewController.swift in Sources */ = {isa = PBXBuildFile; fileRef = 52E7E70B2A5E97980030DA81 /* DetailViewController.swift */; };
		52FD69FB2A64F5BF00709481 /* CoreData.xcdatamodeld in Sources */ = {isa = PBXBuildFile; fileRef = 52FD69F92A64F5BF00709481 /* CoreData.xcdatamodeld */; };
		52FD69FD2A64F96000709481 /* FavoritePoke.swift in Sources */ = {isa = PBXBuildFile; fileRef = 52FD69FC2A64F96000709481 /* FavoritePoke.swift */; };
		52FD69FF2A6509EC00709481 /* ListViewController.swift in Sources */ = {isa = PBXBuildFile; fileRef = 52FD69FE2A6509EC00709481 /* ListViewController.swift */; };
/* End PBXBuildFile section */

/* Begin PBXFileReference section */
		524FA6F32A5FD5AE000B1075 /* PokemonManager.swift */ = {isa = PBXFileReference; lastKnownFileType = sourcecode.swift; path = PokemonManager.swift; sourceTree = "<group>"; };
		52E7E6F02A5E8CAF0030DA81 /* pokemonkuu.app */ = {isa = PBXFileReference; explicitFileType = wrapper.application; includeInIndex = 0; path = pokemonkuu.app; sourceTree = BUILT_PRODUCTS_DIR; };
		52E7E6F32A5E8CAF0030DA81 /* AppDelegate.swift */ = {isa = PBXFileReference; lastKnownFileType = sourcecode.swift; path = AppDelegate.swift; sourceTree = "<group>"; };
		52E7E6F52A5E8CAF0030DA81 /* SceneDelegate.swift */ = {isa = PBXFileReference; lastKnownFileType = sourcecode.swift; path = SceneDelegate.swift; sourceTree = "<group>"; };
		52E7E6F72A5E8CAF0030DA81 /* ViewController.swift */ = {isa = PBXFileReference; lastKnownFileType = sourcecode.swift; path = ViewController.swift; sourceTree = "<group>"; };
		52E7E6FA2A5E8CAF0030DA81 /* Base */ = {isa = PBXFileReference; lastKnownFileType = file.storyboard; name = Base; path = Base.lproj/Main.storyboard; sourceTree = "<group>"; };
		52E7E6FC2A5E8CB20030DA81 /* Assets.xcassets */ = {isa = PBXFileReference; lastKnownFileType = folder.assetcatalog; path = Assets.xcassets; sourceTree = "<group>"; };
		52E7E6FF2A5E8CB20030DA81 /* Base */ = {isa = PBXFileReference; lastKnownFileType = file.storyboard; name = Base; path = Base.lproj/LaunchScreen.storyboard; sourceTree = "<group>"; };
		52E7E7012A5E8CB20030DA81 /* Info.plist */ = {isa = PBXFileReference; lastKnownFileType = text.plist.xml; path = Info.plist; sourceTree = "<group>"; };
		52E7E7072A5E8D3E0030DA81 /* MyCollectionViewCell.swift */ = {isa = PBXFileReference; lastKnownFileType = sourcecode.swift; path = MyCollectionViewCell.swift; sourceTree = "<group>"; };
		52E7E7092A5E8E2C0030DA81 /* Model.swift */ = {isa = PBXFileReference; lastKnownFileType = sourcecode.swift; path = Model.swift; sourceTree = "<group>"; };
		52E7E70B2A5E97980030DA81 /* DetailViewController.swift */ = {isa = PBXFileReference; lastKnownFileType = sourcecode.swift; path = DetailViewController.swift; sourceTree = "<group>"; };
		52FD69FA2A64F5BF00709481 /* CoreData.xcdatamodel */ = {isa = PBXFileReference; lastKnownFileType = wrapper.xcdatamodel; path = CoreData.xcdatamodel; sourceTree = "<group>"; };
		52FD69FC2A64F96000709481 /* FavoritePoke.swift */ = {isa = PBXFileReference; lastKnownFileType = sourcecode.swift; path = FavoritePoke.swift; sourceTree = "<group>"; };
		52FD69FE2A6509EC00709481 /* ListViewController.swift */ = {isa = PBXFileReference; lastKnownFileType = sourcecode.swift; path = ListViewController.swift; sourceTree = "<group>"; };
/* End PBXFileReference section */

/* Begin PBXFrameworksBuildPhase section */
		52E7E6ED2A5E8CAF0030DA81 /* Frameworks */ = {
			isa = PBXFrameworksBuildPhase;
			buildActionMask = 2147483647;
			files = (
			);
			runOnlyForDeploymentPostprocessing = 0;
		};
/* End PBXFrameworksBuildPhase section */

/* Begin PBXGroup section */
		52E7E6E72A5E8CAF0030DA81 = {
			isa = PBXGroup;
			children = (
				52E7E6F22A5E8CAF0030DA81 /* pokemonkuu */,
				52E7E6F12A5E8CAF0030DA81 /* Products */,
			);
			sourceTree = "<group>";
		};
		52E7E6F12A5E8CAF0030DA81 /* Products */ = {
			isa = PBXGroup;
			children = (
				52E7E6F02A5E8CAF0030DA81 /* pokemonkuu.app */,
			);
			name = Products;
			sourceTree = "<group>";
		};
		52E7E6F22A5E8CAF0030DA81 /* pokemonkuu */ = {
			isa = PBXGroup;
			children = (
				52E7E70F2A5EA62A0030DA81 /* Model */,
				52E7E70E2A5EA6220030DA81 /* Controller */,
				52E7E70D2A5EA6190030DA81 /* View */,
				52E7E6F32A5E8CAF0030DA81 /* AppDelegate.swift */,
				52E7E6F52A5E8CAF0030DA81 /* SceneDelegate.swift */,
				52E7E6FC2A5E8CB20030DA81 /* Assets.xcassets */,
				52E7E7012A5E8CB20030DA81 /* Info.plist */,
				52FD69F92A64F5BF00709481 /* CoreData.xcdatamodeld */,
			);
			path = pokemonkuu;
			sourceTree = "<group>";
		};
		52E7E70D2A5EA6190030DA81 /* View */ = {
			isa = PBXGroup;
			children = (
				52E7E6F92A5E8CAF0030DA81 /* Main.storyboard */,
				52E7E6FE2A5E8CB20030DA81 /* LaunchScreen.storyboard */,
			);
			path = View;
			sourceTree = "<group>";
		};
		52E7E70E2A5EA6220030DA81 /* Controller */ = {
			isa = PBXGroup;
			children = (
				52FD69FE2A6509EC00709481 /* ListViewController.swift */,
				52E7E6F72A5E8CAF0030DA81 /* ViewController.swift */,
				52E7E70B2A5E97980030DA81 /* DetailViewController.swift */,
				524FA6F32A5FD5AE000B1075 /* PokemonManager.swift */,
				52E7E7072A5E8D3E0030DA81 /* MyCollectionViewCell.swift */,
			);
			path = Controller;
			sourceTree = "<group>";
		};
		52E7E70F2A5EA62A0030DA81 /* Model */ = {
			isa = PBXGroup;
			children = (
				52E7E7092A5E8E2C0030DA81 /* Model.swift */,
				52FD69FC2A64F96000709481 /* FavoritePoke.swift */,
			);
			path = Model;
			sourceTree = "<group>";
		};
/* End PBXGroup section */

/* Begin PBXNativeTarget section */
		52E7E6EF2A5E8CAF0030DA81 /* pokemonkuu */ = {
			isa = PBXNativeTarget;
			buildConfigurationList = 52E7E7042A5E8CB20030DA81 /* Build configuration list for PBXNativeTarget "pokemonkuu" */;
			buildPhases = (
				52E7E6EC2A5E8CAF0030DA81 /* Sources */,
				52E7E6ED2A5E8CAF0030DA81 /* Frameworks */,
				52E7E6EE2A5E8CAF0030DA81 /* Resources */,
			);
			buildRules = (
			);
			dependencies = (
			);
			name = pokemonkuu;
			productName = pokemonkuu;
			productReference = 52E7E6F02A5E8CAF0030DA81 /* pokemonkuu.app */;
			productType = "com.apple.product-type.application";
		};
/* End PBXNativeTarget section */

/* Begin PBXProject section */
		52E7E6E82A5E8CAF0030DA81 /* Project object */ = {
			isa = PBXProject;
			attributes = {
				BuildIndependentTargetsInParallel = 1;
				LastSwiftUpdateCheck = 1430;
				LastUpgradeCheck = 1430;
				TargetAttributes = {
					52E7E6EF2A5E8CAF0030DA81 = {
						CreatedOnToolsVersion = 14.3.1;
					};
				};
			};
			buildConfigurationList = 52E7E6EB2A5E8CAF0030DA81 /* Build configuration list for PBXProject "pokemonkuu" */;
			compatibilityVersion = "Xcode 14.0";
			developmentRegion = en;
			hasScannedForEncodings = 0;
			knownRegions = (
				en,
				Base,
			);
			mainGroup = 52E7E6E72A5E8CAF0030DA81;
			productRefGroup = 52E7E6F12A5E8CAF0030DA81 /* Products */;
			projectDirPath = "";
			projectRoot = "";
			targets = (
				52E7E6EF2A5E8CAF0030DA81 /* pokemonkuu */,
			);
		};
/* End PBXProject section */

/* Begin PBXResourcesBuildPhase section */
		52E7E6EE2A5E8CAF0030DA81 /* Resources */ = {
			isa = PBXResourcesBuildPhase;
			buildActionMask = 2147483647;
			files = (
				52E7E7002A5E8CB20030DA81 /* LaunchScreen.storyboard in Resources */,
				52E7E6FD2A5E8CB20030DA81 /* Assets.xcassets in Resources */,
				52E7E6FB2A5E8CAF0030DA81 /* Main.storyboard in Resources */,
			);
			runOnlyForDeploymentPostprocessing = 0;
		};
/* End PBXResourcesBuildPhase section */

/* Begin PBXSourcesBuildPhase section */
		52E7E6EC2A5E8CAF0030DA81 /* Sources */ = {
			isa = PBXSourcesBuildPhase;
			buildActionMask = 2147483647;
			files = (
				52FD69FB2A64F5BF00709481 /* CoreData.xcdatamodeld in Sources */,
				52E7E70A2A5E8E2C0030DA81 /* Model.swift in Sources */,
				524FA6F42A5FD5AE000B1075 /* PokemonManager.swift in Sources */,
				52E7E6F82A5E8CAF0030DA81 /* ViewController.swift in Sources */,
				52FD69FD2A64F96000709481 /* FavoritePoke.swift in Sources */,
				52E7E6F42A5E8CAF0030DA81 /* AppDelegate.swift in Sources */,
				52E7E70C2A5E97980030DA81 /* DetailViewController.swift in Sources */,
				52E7E7082A5E8D3E0030DA81 /* MyCollectionViewCell.swift in Sources */,
				52FD69FF2A6509EC00709481 /* ListViewController.swift in Sources */,
				52E7E6F62A5E8CAF0030DA81 /* SceneDelegate.swift in Sources */,
			);
			runOnlyForDeploymentPostprocessing = 0;
		};
/* End PBXSourcesBuildPhase section */

/* Begin PBXVariantGroup section */
		52E7E6F92A5E8CAF0030DA81 /* Main.storyboard */ = {
			isa = PBXVariantGroup;
			children = (
				52E7E6FA2A5E8CAF0030DA81 /* Base */,
			);
			name = Main.storyboard;
			sourceTree = "<group>";
		};
		52E7E6FE2A5E8CB20030DA81 /* LaunchScreen.storyboard */ = {
			isa = PBXVariantGroup;
			children = (
				52E7E6FF2A5E8CB20030DA81 /* Base */,
			);
			name = LaunchScreen.storyboard;
			sourceTree = "<group>";
		};
/* End PBXVariantGroup section */

/* Begin XCBuildConfiguration section */
		52E7E7022A5E8CB20030DA81 /* Debug */ = {
			isa = XCBuildConfiguration;
			buildSettings = {
				ALWAYS_SEARCH_USER_PATHS = NO;
				CLANG_ANALYZER_NONNULL = YES;
				CLANG_ANALYZER_NUMBER_OBJECT_CONVERSION = YES_AGGRESSIVE;
				CLANG_CXX_LANGUAGE_STANDARD = "gnu++20";
				CLANG_ENABLE_MODULES = YES;
				CLANG_ENABLE_OBJC_ARC = YES;
				CLANG_ENABLE_OBJC_WEAK = YES;
				CLANG_WARN_BLOCK_CAPTURE_AUTORELEASING = YES;
				CLANG_WARN_BOOL_CONVERSION = YES;
				CLANG_WARN_COMMA = YES;
				CLANG_WARN_CONSTANT_CONVERSION = YES;
				CLANG_WARN_DEPRECATED_OBJC_IMPLEMENTATIONS = YES;
				CLANG_WARN_DIRECT_OBJC_ISA_USAGE = YES_ERROR;
				CLANG_WARN_DOCUMENTATION_COMMENTS = YES;
				CLANG_WARN_EMPTY_BODY = YES;
				CLANG_WARN_ENUM_CONVERSION = YES;
				CLANG_WARN_INFINITE_RECURSION = YES;
				CLANG_WARN_INT_CONVERSION = YES;
				CLANG_WARN_NON_LITERAL_NULL_CONVERSION = YES;
				CLANG_WARN_OBJC_IMPLICIT_RETAIN_SELF = YES;
				CLANG_WARN_OBJC_LITERAL_CONVERSION = YES;
				CLANG_WARN_OBJC_ROOT_CLASS = YES_ERROR;
				CLANG_WARN_QUOTED_INCLUDE_IN_FRAMEWORK_HEADER = YES;
				CLANG_WARN_RANGE_LOOP_ANALYSIS = YES;
				CLANG_WARN_STRICT_PROTOTYPES = YES;
				CLANG_WARN_SUSPICIOUS_MOVE = YES;
				CLANG_WARN_UNGUARDED_AVAILABILITY = YES_AGGRESSIVE;
				CLANG_WARN_UNREACHABLE_CODE = YES;
				CLANG_WARN__DUPLICATE_METHOD_MATCH = YES;
				COPY_PHASE_STRIP = NO;
				DEBUG_INFORMATION_FORMAT = dwarf;
				ENABLE_STRICT_OBJC_MSGSEND = YES;
				ENABLE_TESTABILITY = YES;
				GCC_C_LANGUAGE_STANDARD = gnu11;
				GCC_DYNAMIC_NO_PIC = NO;
				GCC_NO_COMMON_BLOCKS = YES;
				GCC_OPTIMIZATION_LEVEL = 0;
				GCC_PREPROCESSOR_DEFINITIONS = (
					"DEBUG=1",
					"$(inherited)",
				);
				GCC_WARN_64_TO_32_BIT_CONVERSION = YES;
				GCC_WARN_ABOUT_RETURN_TYPE = YES_ERROR;
				GCC_WARN_UNDECLARED_SELECTOR = YES;
				GCC_WARN_UNINITIALIZED_AUTOS = YES_AGGRESSIVE;
				GCC_WARN_UNUSED_FUNCTION = YES;
				GCC_WARN_UNUSED_VARIABLE = YES;
				IPHONEOS_DEPLOYMENT_TARGET = 16.4;
				MTL_ENABLE_DEBUG_INFO = INCLUDE_SOURCE;
				MTL_FAST_MATH = YES;
				ONLY_ACTIVE_ARCH = YES;
				SDKROOT = iphoneos;
				SWIFT_ACTIVE_COMPILATION_CONDITIONS = DEBUG;
				SWIFT_OPTIMIZATION_LEVEL = "-Onone";
			};
			name = Debug;
		};
		52E7E7032A5E8CB20030DA81 /* Release */ = {
			isa = XCBuildConfiguration;
			buildSettings = {
				ALWAYS_SEARCH_USER_PATHS = NO;
				CLANG_ANALYZER_NONNULL = YES;
				CLANG_ANALYZER_NUMBER_OBJECT_CONVERSION = YES_AGGRESSIVE;
				CLANG_CXX_LANGUAGE_STANDARD = "gnu++20";
				CLANG_ENABLE_MODULES = YES;
				CLANG_ENABLE_OBJC_ARC = YES;
				CLANG_ENABLE_OBJC_WEAK = YES;
				CLANG_WARN_BLOCK_CAPTURE_AUTORELEASING = YES;
				CLANG_WARN_BOOL_CONVERSION = YES;
				CLANG_WARN_COMMA = YES;
				CLANG_WARN_CONSTANT_CONVERSION = YES;
				CLANG_WARN_DEPRECATED_OBJC_IMPLEMENTATIONS = YES;
				CLANG_WARN_DIRECT_OBJC_ISA_USAGE = YES_ERROR;
				CLANG_WARN_DOCUMENTATION_COMMENTS = YES;
				CLANG_WARN_EMPTY_BODY = YES;
				CLANG_WARN_ENUM_CONVERSION = YES;
				CLANG_WARN_INFINITE_RECURSION = YES;
				CLANG_WARN_INT_CONVERSION = YES;
				CLANG_WARN_NON_LITERAL_NULL_CONVERSION = YES;
				CLANG_WARN_OBJC_IMPLICIT_RETAIN_SELF = YES;
				CLANG_WARN_OBJC_LITERAL_CONVERSION = YES;
				CLANG_WARN_OBJC_ROOT_CLASS = YES_ERROR;
				CLANG_WARN_QUOTED_INCLUDE_IN_FRAMEWORK_HEADER = YES;
				CLANG_WARN_RANGE_LOOP_ANALYSIS = YES;
				CLANG_WARN_STRICT_PROTOTYPES = YES;
				CLANG_WARN_SUSPICIOUS_MOVE = YES;
				CLANG_WARN_UNGUARDED_AVAILABILITY = YES_AGGRESSIVE;
				CLANG_WARN_UNREACHABLE_CODE = YES;
				CLANG_WARN__DUPLICATE_METHOD_MATCH = YES;
				COPY_PHASE_STRIP = NO;
				DEBUG_INFORMATION_FORMAT = "dwarf-with-dsym";
				ENABLE_NS_ASSERTIONS = NO;
				ENABLE_STRICT_OBJC_MSGSEND = YES;
				GCC_C_LANGUAGE_STANDARD = gnu11;
				GCC_NO_COMMON_BLOCKS = YES;
				GCC_WARN_64_TO_32_BIT_CONVERSION = YES;
				GCC_WARN_ABOUT_RETURN_TYPE = YES_ERROR;
				GCC_WARN_UNDECLARED_SELECTOR = YES;
				GCC_WARN_UNINITIALIZED_AUTOS = YES_AGGRESSIVE;
				GCC_WARN_UNUSED_FUNCTION = YES;
				GCC_WARN_UNUSED_VARIABLE = YES;
				IPHONEOS_DEPLOYMENT_TARGET = 16.4;
				MTL_ENABLE_DEBUG_INFO = NO;
				MTL_FAST_MATH = YES;
				SDKROOT = iphoneos;
				SWIFT_COMPILATION_MODE = wholemodule;
				SWIFT_OPTIMIZATION_LEVEL = "-O";
				VALIDATE_PRODUCT = YES;
			};
			name = Release;
		};
		52E7E7052A5E8CB20030DA81 /* Debug */ = {
			isa = XCBuildConfiguration;
			buildSettings = {
				ASSETCATALOG_COMPILER_APPICON_NAME = AppIcon;
				ASSETCATALOG_COMPILER_GLOBAL_ACCENT_COLOR_NAME = AccentColor;
				CODE_SIGN_STYLE = Automatic;
				CURRENT_PROJECT_VERSION = 1;
				GENERATE_INFOPLIST_FILE = YES;
				INFOPLIST_FILE = pokemonkuu/Info.plist;
				INFOPLIST_KEY_UIApplicationSupportsIndirectInputEvents = YES;
				INFOPLIST_KEY_UILaunchStoryboardName = LaunchScreen;
				INFOPLIST_KEY_UIMainStoryboardFile = Main;
				INFOPLIST_KEY_UISupportedInterfaceOrientations_iPad = "UIInterfaceOrientationPortrait UIInterfaceOrientationPortraitUpsideDown UIInterfaceOrientationLandscapeLeft UIInterfaceOrientationLandscapeRight";
				INFOPLIST_KEY_UISupportedInterfaceOrientations_iPhone = "UIInterfaceOrientationPortrait UIInterfaceOrientationLandscapeLeft UIInterfaceOrientationLandscapeRight";
				LD_RUNPATH_SEARCH_PATHS = (
					"$(inherited)",
					"@executable_path/Frameworks",
				);
				MARKETING_VERSION = 1.0;
				PRODUCT_BUNDLE_IDENTIFIER = MS.pokemonkuu;
				PRODUCT_NAME = "$(TARGET_NAME)";
				SWIFT_EMIT_LOC_STRINGS = YES;
				SWIFT_VERSION = 5.0;
				TARGETED_DEVICE_FAMILY = "1,2";
			};
			name = Debug;
		};
		52E7E7062A5E8CB20030DA81 /* Release */ = {
			isa = XCBuildConfiguration;
			buildSettings = {
				ASSETCATALOG_COMPILER_APPICON_NAME = AppIcon;
				ASSETCATALOG_COMPILER_GLOBAL_ACCENT_COLOR_NAME = AccentColor;
				CODE_SIGN_STYLE = Automatic;
				CURRENT_PROJECT_VERSION = 1;
				GENERATE_INFOPLIST_FILE = YES;
				INFOPLIST_FILE = pokemonkuu/Info.plist;
				INFOPLIST_KEY_UIApplicationSupportsIndirectInputEvents = YES;
				INFOPLIST_KEY_UILaunchStoryboardName = LaunchScreen;
				INFOPLIST_KEY_UIMainStoryboardFile = Main;
				INFOPLIST_KEY_UISupportedInterfaceOrientations_iPad = "UIInterfaceOrientationPortrait UIInterfaceOrientationPortraitUpsideDown UIInterfaceOrientationLandscapeLeft UIInterfaceOrientationLandscapeRight";
				INFOPLIST_KEY_UISupportedInterfaceOrientations_iPhone = "UIInterfaceOrientationPortrait UIInterfaceOrientationLandscapeLeft UIInterfaceOrientationLandscapeRight";
				LD_RUNPATH_SEARCH_PATHS = (
					"$(inherited)",
					"@executable_path/Frameworks",
				);
				MARKETING_VERSION = 1.0;
				PRODUCT_BUNDLE_IDENTIFIER = MS.pokemonkuu;
				PRODUCT_NAME = "$(TARGET_NAME)";
				SWIFT_EMIT_LOC_STRINGS = YES;
				SWIFT_VERSION = 5.0;
				TARGETED_DEVICE_FAMILY = "1,2";
			};
			name = Release;
		};
/* End XCBuildConfiguration section */

/* Begin XCConfigurationList section */
		52E7E6EB2A5E8CAF0030DA81 /* Build configuration list for PBXProject "pokemonkuu" */ = {
			isa = XCConfigurationList;
			buildConfigurations = (
				52E7E7022A5E8CB20030DA81 /* Debug */,
				52E7E7032A5E8CB20030DA81 /* Release */,
			);
			defaultConfigurationIsVisible = 0;
			defaultConfigurationName = Release;
		};
		52E7E7042A5E8CB20030DA81 /* Build configuration list for PBXNativeTarget "pokemonkuu" */ = {
			isa = XCConfigurationList;
			buildConfigurations = (
				52E7E7052A5E8CB20030DA81 /* Debug */,
				52E7E7062A5E8CB20030DA81 /* Release */,
			);
			defaultConfigurationIsVisible = 0;
			defaultConfigurationName = Release;
		};
/* End XCConfigurationList section */

/* Begin XCVersionGroup section */
		52FD69F92A64F5BF00709481 /* CoreData.xcdatamodeld */ = {
			isa = XCVersionGroup;
			children = (
				52FD69FA2A64F5BF00709481 /* CoreData.xcdatamodel */,
			);
			currentVersion = 52FD69FA2A64F5BF00709481 /* CoreData.xcdatamodel */;
			path = CoreData.xcdatamodeld;
			sourceTree = "<group>";
			versionGroupType = wrapper.xcdatamodel;
		};
/* End XCVersionGroup section */
	};
	rootObject = 52E7E6E82A5E8CAF0030DA81 /* Project object */;
}
